
Microsoft Visual Studio Solution File, Format Version 12.00
# Visual Studio 15
VisualStudioVersion = 15.0.27004.2002
MinimumVisualStudioVersion = 10.0.40219.1
Project("{FAE04EC0-301F-11D3-BF4B-00C04F79EFBC}") = "AnonimoweTypyDemo", "AnonimoweTypyDemo\AnonimoweTypyDemo.csproj", "{9ADA0D05-853E-4CA9-B659-8F7655616DFF}"
EndProject
Global
	GlobalSection(SolutionConfigurationPlatforms) = preSolution
		Debug|Any CPU = Debug|Any CPU
		Release|Any CPU = Release|Any CPU
	EndGlobalSection
	GlobalSection(ProjectConfigurationPlatforms) = postSolution
		{9ADA0D05-853E-4CA9-B659-8F7655616DFF}.Debug|Any CPU.ActiveCfg = Debug|Any CPU
		{9ADA0D05-853E-4CA9-B659-8F7655616DFF}.Debug|Any CPU.Build.0 = Debug|Any CPU
		{9ADA0D05-853E-4CA9-B659-8F7655616DFF}.Release|Any CPU.ActiveCfg = Release|Any CPU
		{9ADA0D05-853E-4CA9-B659-8F7655616DFF}.Release|Any CPU.Build.0 = Release|Any CPU
	EndGlobalSection
	GlobalSection(SolutionProperties) = preSolution
		HideSolutionNode = FALSE
	EndGlobalSection
	GlobalSection(ExtensibilityGlobals) = postSolution
		SolutionGuid = {06CF9BF3-EDE0-4538-97E3-D227912CB7B9}
	EndGlobalSection
EndGlobal
